
Microsoft Visual Studio Solution File, Format Version 12.00
# Visual Studio Version 17
VisualStudioVersion = 17.6.33815.320
MinimumVisualStudioVersion = 10.0.40219.1
Project("{FAE04EC0-301F-11D3-BF4B-00C04F79EFBC}") = "Entities", "Entities\Entities.csproj", "{E08E346A-79B4-4AAC-B3DB-22FEAFFCDFBD}"
EndProject
Project("{FAE04EC0-301F-11D3-BF4B-00C04F79EFBC}") = "DataAccess", "DataAccess\DataAccess.csproj", "{1A9CF5E7-98B5-405D-A19C-A3BAC40ED108}"
EndProject
Project("{FAE04EC0-301F-11D3-BF4B-00C04F79EFBC}") = "Business", "Business\Business.csproj", "{7113850C-086B-4107-9667-FF39EAC21451}"
EndProject
Project("{FAE04EC0-301F-11D3-BF4B-00C04F79EFBC}") = "Core", "Core\Core.csproj", "{46024B59-E800-4A55-AA75-1A34897F1780}"
EndProject
Project("{FAE04EC0-301F-11D3-BF4B-00C04F79EFBC}") = "API", "API\API.csproj", "{F003845D-BAA8-4528-831D-71A8662B9C22}"
EndProject
Global
	GlobalSection(SolutionConfigurationPlatforms) = preSolution
		Debug|Any CPU = Debug|Any CPU
		Release|Any CPU = Release|Any CPU
	EndGlobalSection
	GlobalSection(ProjectConfigurationPlatforms) = postSolution
		{E08E346A-79B4-4AAC-B3DB-22FEAFFCDFBD}.Debug|Any CPU.ActiveCfg = Debug|Any CPU
		{E08E346A-79B4-4AAC-B3DB-22FEAFFCDFBD}.Debug|Any CPU.Build.0 = Debug|Any CPU
		{E08E346A-79B4-4AAC-B3DB-22FEAFFCDFBD}.Release|Any CPU.ActiveCfg = Release|Any CPU
		{E08E346A-79B4-4AAC-B3DB-22FEAFFCDFBD}.Release|Any CPU.Build.0 = Release|Any CPU
		{1A9CF5E7-98B5-405D-A19C-A3BAC40ED108}.Debug|Any CPU.ActiveCfg = Debug|Any CPU
		{1A9CF5E7-98B5-405D-A19C-A3BAC40ED108}.Debug|Any CPU.Build.0 = Debug|Any CPU
		{1A9CF5E7-98B5-405D-A19C-A3BAC40ED108}.Release|Any CPU.ActiveCfg = Release|Any CPU
		{1A9CF5E7-98B5-405D-A19C-A3BAC40ED108}.Release|Any CPU.Build.0 = Release|Any CPU
		{7113850C-086B-4107-9667-FF39EAC21451}.Debug|Any CPU.ActiveCfg = Debug|Any CPU
		{7113850C-086B-4107-9667-FF39EAC21451}.Debug|Any CPU.Build.0 = Debug|Any CPU
		{7113850C-086B-4107-9667-FF39EAC21451}.Release|Any CPU.ActiveCfg = Release|Any CPU
		{7113850C-086B-4107-9667-FF39EAC21451}.Release|Any CPU.Build.0 = Release|Any CPU
		{46024B59-E800-4A55-AA75-1A34897F1780}.Debug|Any CPU.ActiveCfg = Debug|Any CPU
		{46024B59-E800-4A55-AA75-1A34897F1780}.Debug|Any CPU.Build.0 = Debug|Any CPU
		{46024B59-E800-4A55-AA75-1A34897F1780}.Release|Any CPU.ActiveCfg = Release|Any CPU
		{46024B59-E800-4A55-AA75-1A34897F1780}.Release|Any CPU.Build.0 = Release|Any CPU
		{F003845D-BAA8-4528-831D-71A8662B9C22}.Debug|Any CPU.ActiveCfg = Debug|Any CPU
		{F003845D-BAA8-4528-831D-71A8662B9C22}.Debug|Any CPU.Build.0 = Debug|Any CPU
		{F003845D-BAA8-4528-831D-71A8662B9C22}.Release|Any CPU.ActiveCfg = Release|Any CPU
		{F003845D-BAA8-4528-831D-71A8662B9C22}.Release|Any CPU.Build.0 = Release|Any CPU
	EndGlobalSection
	GlobalSection(SolutionProperties) = preSolution
		HideSolutionNode = FALSE
	EndGlobalSection
	GlobalSection(ExtensibilityGlobals) = postSolution
		SolutionGuid = {5FBDB365-F621-4A09-AA67-32B197299487}
	EndGlobalSection
EndGlobal
